
Microsoft Visual Studio Solution File, Format Version 12.00
# Visual Studio Version 17
VisualStudioVersion = 17.4.33213.308
MinimumVisualStudioVersion = 10.0.40219.1
Project("{FAE04EC0-301F-11D3-BF4B-00C04F79EFBC}") = "SalesWebMvc", "SalesWebMvc\SalesWebMvc.csproj", "{BEA5C46C-23E2-4039-A044-AAEF7772456E}"
EndProject
Global
	GlobalSection(SolutionConfigurationPlatforms) = preSolution
		Debug|Any CPU = Debug|Any CPU
		Release|Any CPU = Release|Any CPU
	EndGlobalSection
	GlobalSection(ProjectConfigurationPlatforms) = postSolution
		{BEA5C46C-23E2-4039-A044-AAEF7772456E}.Debug|Any CPU.ActiveCfg = Debug|Any CPU
		{BEA5C46C-23E2-4039-A044-AAEF7772456E}.Debug|Any CPU.Build.0 = Debug|Any CPU
		{BEA5C46C-23E2-4039-A044-AAEF7772456E}.Release|Any CPU.ActiveCfg = Release|Any CPU
		{BEA5C46C-23E2-4039-A044-AAEF7772456E}.Release|Any CPU.Build.0 = Release|Any CPU
	EndGlobalSection
	GlobalSection(SolutionProperties) = preSolution
		HideSolutionNode = FALSE
	EndGlobalSection
	GlobalSection(ExtensibilityGlobals) = postSolution
		SolutionGuid = {0ABA89FE-D1FA-41D6-9A83-A273C3173F05}
	EndGlobalSection
EndGlobal
